
Microsoft Visual Studio Solution File, Format Version 12.00
# Visual Studio Version 16
VisualStudioVersion = 16.0.31205.134
MinimumVisualStudioVersion = 10.0.40219.1
Project("{FAE04EC0-301F-11D3-BF4B-00C04F79EFBC}") = "immoblier", "immoblier\immoblier.csproj", "{48CE7593-2F6C-4895-ACC3-7D57177637A5}"
EndProject
Global
	GlobalSection(SolutionConfigurationPlatforms) = preSolution
		Debug|Any CPU = Debug|Any CPU
		Release|Any CPU = Release|Any CPU
	EndGlobalSection
	GlobalSection(ProjectConfigurationPlatforms) = postSolution
		{48CE7593-2F6C-4895-ACC3-7D57177637A5}.Debug|Any CPU.ActiveCfg = Debug|Any CPU
		{48CE7593-2F6C-4895-ACC3-7D57177637A5}.Debug|Any CPU.Build.0 = Debug|Any CPU
		{48CE7593-2F6C-4895-ACC3-7D57177637A5}.Release|Any CPU.ActiveCfg = Release|Any CPU
		{48CE7593-2F6C-4895-ACC3-7D57177637A5}.Release|Any CPU.Build.0 = Release|Any CPU
	EndGlobalSection
	GlobalSection(SolutionProperties) = preSolution
		HideSolutionNode = FALSE
	EndGlobalSection
	GlobalSection(ExtensibilityGlobals) = postSolution
		SolutionGuid = {19EF4C3D-A249-442B-A7CD-39A5225B6902}
	EndGlobalSection
EndGlobal
